
Microsoft Visual Studio Solution File, Format Version 12.00
# Visual Studio Version 16
VisualStudioVersion = 16.0.30011.22
MinimumVisualStudioVersion = 10.0.40219.1
Project("{FAE04EC0-301F-11D3-BF4B-00C04F79EFBC}") = "ProjetoDeTeste", "ProjetoDeTeste\ProjetoDeTeste.csproj", "{B7F4FAE2-B1CD-49EB-BE1D-EABE31C6EF3E}"
EndProject
Project("{2150E333-8FDC-42A3-9474-1A3956D46DE8}") = "Testes", "Testes", "{735378F7-4E41-48C4-B15B-CF869586FA13}"
EndProject
Project("{FAE04EC0-301F-11D3-BF4B-00C04F79EFBC}") = "Teste1", "Teste1\Teste1.csproj", "{803974F8-7F21-4A73-BA64-F9DF694FCD9E}"
EndProject
Global
	GlobalSection(SolutionConfigurationPlatforms) = preSolution
		Debug|Any CPU = Debug|Any CPU
		Release|Any CPU = Release|Any CPU
	EndGlobalSection
	GlobalSection(ProjectConfigurationPlatforms) = postSolution
		{B7F4FAE2-B1CD-49EB-BE1D-EABE31C6EF3E}.Debug|Any CPU.ActiveCfg = Debug|Any CPU
		{B7F4FAE2-B1CD-49EB-BE1D-EABE31C6EF3E}.Debug|Any CPU.Build.0 = Debug|Any CPU
		{B7F4FAE2-B1CD-49EB-BE1D-EABE31C6EF3E}.Release|Any CPU.ActiveCfg = Release|Any CPU
		{B7F4FAE2-B1CD-49EB-BE1D-EABE31C6EF3E}.Release|Any CPU.Build.0 = Release|Any CPU
		{803974F8-7F21-4A73-BA64-F9DF694FCD9E}.Debug|Any CPU.ActiveCfg = Debug|Any CPU
		{803974F8-7F21-4A73-BA64-F9DF694FCD9E}.Debug|Any CPU.Build.0 = Debug|Any CPU
		{803974F8-7F21-4A73-BA64-F9DF694FCD9E}.Release|Any CPU.ActiveCfg = Release|Any CPU
		{803974F8-7F21-4A73-BA64-F9DF694FCD9E}.Release|Any CPU.Build.0 = Release|Any CPU
	EndGlobalSection
	GlobalSection(SolutionProperties) = preSolution
		HideSolutionNode = FALSE
	EndGlobalSection
	GlobalSection(NestedProjects) = preSolution
		{803974F8-7F21-4A73-BA64-F9DF694FCD9E} = {735378F7-4E41-48C4-B15B-CF869586FA13}
	EndGlobalSection
	GlobalSection(ExtensibilityGlobals) = postSolution
		SolutionGuid = {180C8E2D-0ACC-47E5-87D2-A1BB2FAE3CF6}
	EndGlobalSection
EndGlobal
