
Microsoft Visual Studio Solution File, Format Version 12.00
# Visual Studio Version 16
VisualStudioVersion = 16.0.29911.84
MinimumVisualStudioVersion = 10.0.40219.1
Project("{FAE04EC0-301F-11D3-BF4B-00C04F79EFBC}") = "VirtualStore.Domain", "VirtualStore.Domain\VirtualStore.Domain.csproj", "{9797E598-0B53-4089-85E7-CAB8A8D26772}"
EndProject
Project("{FAE04EC0-301F-11D3-BF4B-00C04F79EFBC}") = "VirtualStore.DomainTest", "VirtualStore.DomainTest\VirtualStore.DomainTest.csproj", "{BB1D317A-825E-4A58-9066-739D6A8CC786}"
EndProject
Global
	GlobalSection(SolutionConfigurationPlatforms) = preSolution
		Debug|Any CPU = Debug|Any CPU
		Release|Any CPU = Release|Any CPU
	EndGlobalSection
	GlobalSection(ProjectConfigurationPlatforms) = postSolution
		{9797E598-0B53-4089-85E7-CAB8A8D26772}.Debug|Any CPU.ActiveCfg = Debug|Any CPU
		{9797E598-0B53-4089-85E7-CAB8A8D26772}.Debug|Any CPU.Build.0 = Debug|Any CPU
		{9797E598-0B53-4089-85E7-CAB8A8D26772}.Release|Any CPU.ActiveCfg = Release|Any CPU
		{9797E598-0B53-4089-85E7-CAB8A8D26772}.Release|Any CPU.Build.0 = Release|Any CPU
		{BB1D317A-825E-4A58-9066-739D6A8CC786}.Debug|Any CPU.ActiveCfg = Debug|Any CPU
		{BB1D317A-825E-4A58-9066-739D6A8CC786}.Debug|Any CPU.Build.0 = Debug|Any CPU
		{BB1D317A-825E-4A58-9066-739D6A8CC786}.Release|Any CPU.ActiveCfg = Release|Any CPU
		{BB1D317A-825E-4A58-9066-739D6A8CC786}.Release|Any CPU.Build.0 = Release|Any CPU
	EndGlobalSection
	GlobalSection(SolutionProperties) = preSolution
		HideSolutionNode = FALSE
	EndGlobalSection
	GlobalSection(ExtensibilityGlobals) = postSolution
		SolutionGuid = {BD17E26C-5D6B-4065-97FB-44666BC25C20}
	EndGlobalSection
EndGlobal
